// !$*UTF8*$!
{
	archiveVersion = 1;
	classes = {
	};
	objectVersion = 45;
	objects = {

/* Begin PBXBuildFile section */
		00C3BCB6104B927800F0607E /* LocalStorage.m in Sources */ = {isa = PBXBuildFile; fileRef = 00C3BCB5104B927800F0607E /* LocalStorage.m */; };
		00C3BCCA104B93CF00F0607E /* NSObject+SBJSON.m in Sources */ = {isa = PBXBuildFile; fileRef = 00C3BCC5104B93CF00F0607E /* NSObject+SBJSON.m */; };
		00C3BCCB104B93CF00F0607E /* NSString+SBJSON.m in Sources */ = {isa = PBXBuildFile; fileRef = 00C3BCC7104B93CF00F0607E /* NSString+SBJSON.m */; };
		00C3BCCC104B93CF00F0607E /* SBJSON.m in Sources */ = {isa = PBXBuildFile; fileRef = 00C3BCC9104B93CF00F0607E /* SBJSON.m */; };
		00C3BD15104B96B000F0607E /* Base64Transcoder.c in Sources */ = {isa = PBXBuildFile; fileRef = 00C3BCF7104B96B000F0607E /* Base64Transcoder.c */; };
		00C3BD16104B96B000F0607E /* hmac.c in Sources */ = {isa = PBXBuildFile; fileRef = 00C3BCF9104B96B000F0607E /* hmac.c */; };
		00C3BD17104B96B000F0607E /* NSMutableURLRequest+Parameters.m in Sources */ = {isa = PBXBuildFile; fileRef = 00C3BCFC104B96B000F0607E /* NSMutableURLRequest+Parameters.m */; };
		00C3BD18104B96B000F0607E /* NSString+URLEncoding.m in Sources */ = {isa = PBXBuildFile; fileRef = 00C3BCFE104B96B000F0607E /* NSString+URLEncoding.m */; };
		00C3BD19104B96B000F0607E /* NSURL+Base.m in Sources */ = {isa = PBXBuildFile; fileRef = 00C3BD00104B96B000F0607E /* NSURL+Base.m */; };
		00C3BD1A104B96B000F0607E /* OAConsumer.m in Sources */ = {isa = PBXBuildFile; fileRef = 00C3BD02104B96B000F0607E /* OAConsumer.m */; };
		00C3BD1B104B96B000F0607E /* OADataFetcher.m in Sources */ = {isa = PBXBuildFile; fileRef = 00C3BD04104B96B000F0607E /* OADataFetcher.m */; };
		00C3BD1C104B96B000F0607E /* OAHMAC_SHA1SignatureProvider.m in Sources */ = {isa = PBXBuildFile; fileRef = 00C3BD06104B96B000F0607E /* OAHMAC_SHA1SignatureProvider.m */; };
		00C3BD1D104B96B000F0607E /* OAMutableURLRequest.m in Sources */ = {isa = PBXBuildFile; fileRef = 00C3BD08104B96B000F0607E /* OAMutableURLRequest.m */; };
		00C3BD1E104B96B000F0607E /* OAPlaintextSignatureProvider.m in Sources */ = {isa = PBXBuildFile; fileRef = 00C3BD0A104B96B000F0607E /* OAPlaintextSignatureProvider.m */; };
		00C3BD1F104B96B000F0607E /* OARequestParameter.m in Sources */ = {isa = PBXBuildFile; fileRef = 00C3BD0C104B96B000F0607E /* OARequestParameter.m */; };
		00C3BD20104B96B000F0607E /* OAServiceTicket.m in Sources */ = {isa = PBXBuildFile; fileRef = 00C3BD0E104B96B000F0607E /* OAServiceTicket.m */; };
		00C3BD21104B96B000F0607E /* OAToken.m in Sources */ = {isa = PBXBuildFile; fileRef = 00C3BD11104B96B000F0607E /* OAToken.m */; };
		00C3BD22104B96B000F0607E /* sha1.c in Sources */ = {isa = PBXBuildFile; fileRef = 00C3BD13104B96B000F0607E /* sha1.c */; };
		00C3BD24104B96C700F0607E /* OAuthGateway.m in Sources */ = {isa = PBXBuildFile; fileRef = 00C3BD23104B96C700F0607E /* OAuthGateway.m */; };
		00FE7D51104B901800A84516 /* OrangeCat.m in Sources */ = {isa = PBXBuildFile; fileRef = 00FE7D50104B901800A84516 /* OrangeCat.m */; };
		1DDD58160DA1D0A300B32029 /* MainMenu.xib in Resources */ = {isa = PBXBuildFile; fileRef = 1DDD58140DA1D0A300B32029 /* MainMenu.xib */; };
		8D11072B0486CEB800E47090 /* InfoPlist.strings in Resources */ = {isa = PBXBuildFile; fileRef = 089C165CFE840E0CC02AAC07 /* InfoPlist.strings */; };
		8D11072D0486CEB800E47090 /* main.m in Sources */ = {isa = PBXBuildFile; fileRef = 29B97316FDCFA39411CA2CEA /* main.m */; settings = {ATTRIBUTES = (); }; };
		8D11072F0486CEB800E47090 /* Cocoa.framework in Frameworks */ = {isa = PBXBuildFile; fileRef = 1058C7A1FEA54F0111CA2CBB /* Cocoa.framework */; };
/* End PBXBuildFile section */

/* Begin PBXFileReference section */
		00C3BCB4104B927800F0607E /* LocalStorage.h */ = {isa = PBXFileReference; fileEncoding = 4; lastKnownFileType = sourcecode.c.h; name = LocalStorage.h; path = Classes/LocalStorage.h; sourceTree = "<group>"; };
		00C3BCB5104B927800F0607E /* LocalStorage.m */ = {isa = PBXFileReference; fileEncoding = 4; lastKnownFileType = sourcecode.c.objc; name = LocalStorage.m; path = Classes/LocalStorage.m; sourceTree = "<group>"; };
		00C3BCC3104B93CF00F0607E /* JSON.h */ = {isa = PBXFileReference; fileEncoding = 4; lastKnownFileType = sourcecode.c.h; name = JSON.h; path = Classes/JSON/JSON.h; sourceTree = "<group>"; };
		00C3BCC4104B93CF00F0607E /* NSObject+SBJSON.h */ = {isa = PBXFileReference; fileEncoding = 4; lastKnownFileType = sourcecode.c.h; name = "NSObject+SBJSON.h"; path = "Classes/JSON/NSObject+SBJSON.h"; sourceTree = "<group>"; };
		00C3BCC5104B93CF00F0607E /* NSObject+SBJSON.m */ = {isa = PBXFileReference; fileEncoding = 4; lastKnownFileType = sourcecode.c.objc; name = "NSObject+SBJSON.m"; path = "Classes/JSON/NSObject+SBJSON.m"; sourceTree = "<group>"; };
		00C3BCC6104B93CF00F0607E /* NSString+SBJSON.h */ = {isa = PBXFileReference; fileEncoding = 4; lastKnownFileType = sourcecode.c.h; name = "NSString+SBJSON.h"; path = "Classes/JSON/NSString+SBJSON.h"; sourceTree = "<group>"; };
		00C3BCC7104B93CF00F0607E /* NSString+SBJSON.m */ = {isa = PBXFileReference; fileEncoding = 4; lastKnownFileType = sourcecode.c.objc; name = "NSString+SBJSON.m"; path = "Classes/JSON/NSString+SBJSON.m"; sourceTree = "<group>"; };
		00C3BCC8104B93CF00F0607E /* SBJSON.h */ = {isa = PBXFileReference; fileEncoding = 4; lastKnownFileType = sourcecode.c.h; name = SBJSON.h; path = Classes/JSON/SBJSON.h; sourceTree = "<group>"; };
		00C3BCC9104B93CF00F0607E /* SBJSON.m */ = {isa = PBXFileReference; fileEncoding = 4; lastKnownFileType = sourcecode.c.objc; name = SBJSON.m; path = Classes/JSON/SBJSON.m; sourceTree = "<group>"; };
		00C3BCF7104B96B000F0607E /* Base64Transcoder.c */ = {isa = PBXFileReference; fileEncoding = 4; lastKnownFileType = sourcecode.c.c; name = Base64Transcoder.c; path = Classes/OAuth/Base64Transcoder.c; sourceTree = "<group>"; };
		00C3BCF8104B96B000F0607E /* Base64Transcoder.h */ = {isa = PBXFileReference; fileEncoding = 4; lastKnownFileType = sourcecode.c.h; name = Base64Transcoder.h; path = Classes/OAuth/Base64Transcoder.h; sourceTree = "<group>"; };
		00C3BCF9104B96B000F0607E /* hmac.c */ = {isa = PBXFileReference; fileEncoding = 4; lastKnownFileType = sourcecode.c.c; name = hmac.c; path = Classes/OAuth/hmac.c; sourceTree = "<group>"; };
		00C3BCFA104B96B000F0607E /* hmac.h */ = {isa = PBXFileReference; fileEncoding = 4; lastKnownFileType = sourcecode.c.h; name = hmac.h; path = Classes/OAuth/hmac.h; sourceTree = "<group>"; };
		00C3BCFB104B96B000F0607E /* NSMutableURLRequest+Parameters.h */ = {isa = PBXFileReference; fileEncoding = 4; lastKnownFileType = sourcecode.c.h; name = "NSMutableURLRequest+Parameters.h"; path = "Classes/OAuth/NSMutableURLRequest+Parameters.h"; sourceTree = "<group>"; };
		00C3BCFC104B96B000F0607E /* NSMutableURLRequest+Parameters.m */ = {isa = PBXFileReference; fileEncoding = 4; lastKnownFileType = sourcecode.c.objc; name = "NSMutableURLRequest+Parameters.m"; path = "Classes/OAuth/NSMutableURLRequest+Parameters.m"; sourceTree = "<group>"; };
		00C3BCFD104B96B000F0607E /* NSString+URLEncoding.h */ = {isa = PBXFileReference; fileEncoding = 4; lastKnownFileType = sourcecode.c.h; name = "NSString+URLEncoding.h"; path = "Classes/OAuth/NSString+URLEncoding.h"; sourceTree = "<group>"; };
		00C3BCFE104B96B000F0607E /* NSString+URLEncoding.m */ = {isa = PBXFileReference; fileEncoding = 4; lastKnownFileType = sourcecode.c.objc; name = "NSString+URLEncoding.m"; path = "Classes/OAuth/NSString+URLEncoding.m"; sourceTree = "<group>"; };
		00C3BCFF104B96B000F0607E /* NSURL+Base.h */ = {isa = PBXFileReference; fileEncoding = 4; lastKnownFileType = sourcecode.c.h; name = "NSURL+Base.h"; path = "Classes/OAuth/NSURL+Base.h"; sourceTree = "<group>"; };
		00C3BD00104B96B000F0607E /* NSURL+Base.m */ = {isa = PBXFileReference; fileEncoding = 4; lastKnownFileType = sourcecode.c.objc; name = "NSURL+Base.m"; path = "Classes/OAuth/NSURL+Base.m"; sourceTree = "<group>"; };
		00C3BD01104B96B000F0607E /* OAConsumer.h */ = {isa = PBXFileReference; fileEncoding = 4; lastKnownFileType = sourcecode.c.h; name = OAConsumer.h; path = Classes/OAuth/OAConsumer.h; sourceTree = "<group>"; };
		00C3BD02104B96B000F0607E /* OAConsumer.m */ = {isa = PBXFileReference; fileEncoding = 4; lastKnownFileType = sourcecode.c.objc; name = OAConsumer.m; path = Classes/OAuth/OAConsumer.m; sourceTree = "<group>"; };
		00C3BD03104B96B000F0607E /* OADataFetcher.h */ = {isa = PBXFileReference; fileEncoding = 4; lastKnownFileType = sourcecode.c.h; name = OADataFetcher.h; path = Classes/OAuth/OADataFetcher.h; sourceTree = "<group>"; };
		00C3BD04104B96B000F0607E /* OADataFetcher.m */ = {isa = PBXFileReference; fileEncoding = 4; lastKnownFileType = sourcecode.c.objc; name = OADataFetcher.m; path = Classes/OAuth/OADataFetcher.m; sourceTree = "<group>"; };
		00C3BD05104B96B000F0607E /* OAHMAC_SHA1SignatureProvider.h */ = {isa = PBXFileReference; fileEncoding = 4; lastKnownFileType = sourcecode.c.h; name = OAHMAC_SHA1SignatureProvider.h; path = Classes/OAuth/OAHMAC_SHA1SignatureProvider.h; sourceTree = "<group>"; };
		00C3BD06104B96B000F0607E /* OAHMAC_SHA1SignatureProvider.m */ = {isa = PBXFileReference; fileEncoding = 4; lastKnownFileType = sourcecode.c.objc; name = OAHMAC_SHA1SignatureProvider.m; path = Classes/OAuth/OAHMAC_SHA1SignatureProvider.m; sourceTree = "<group>"; };
		00C3BD07104B96B000F0607E /* OAMutableURLRequest.h */ = {isa = PBXFileReference; fileEncoding = 4; lastKnownFileType = sourcecode.c.h; name = OAMutableURLRequest.h; path = Classes/OAuth/OAMutableURLRequest.h; sourceTree = "<group>"; };
		00C3BD08104B96B000F0607E /* OAMutableURLRequest.m */ = {isa = PBXFileReference; fileEncoding = 4; lastKnownFileType = sourcecode.c.objc; name = OAMutableURLRequest.m; path = Classes/OAuth/OAMutableURLRequest.m; sourceTree = "<group>"; };
		00C3BD09104B96B000F0607E /* OAPlaintextSignatureProvider.h */ = {isa = PBXFileReference; fileEncoding = 4; lastKnownFileType = sourcecode.c.h; name = OAPlaintextSignatureProvider.h; path = Classes/OAuth/OAPlaintextSignatureProvider.h; sourceTree = "<group>"; };
		00C3BD0A104B96B000F0607E /* OAPlaintextSignatureProvider.m */ = {isa = PBXFileReference; fileEncoding = 4; lastKnownFileType = sourcecode.c.objc; name = OAPlaintextSignatureProvider.m; path = Classes/OAuth/OAPlaintextSignatureProvider.m; sourceTree = "<group>"; };
		00C3BD0B104B96B000F0607E /* OARequestParameter.h */ = {isa = PBXFileReference; fileEncoding = 4; lastKnownFileType = sourcecode.c.h; name = OARequestParameter.h; path = Classes/OAuth/OARequestParameter.h; sourceTree = "<group>"; };
		00C3BD0C104B96B000F0607E /* OARequestParameter.m */ = {isa = PBXFileReference; fileEncoding = 4; lastKnownFileType = sourcecode.c.objc; name = OARequestParameter.m; path = Classes/OAuth/OARequestParameter.m; sourceTree = "<group>"; };
		00C3BD0D104B96B000F0607E /* OAServiceTicket.h */ = {isa = PBXFileReference; fileEncoding = 4; lastKnownFileType = sourcecode.c.h; name = OAServiceTicket.h; path = Classes/OAuth/OAServiceTicket.h; sourceTree = "<group>"; };
		00C3BD0E104B96B000F0607E /* OAServiceTicket.m */ = {isa = PBXFileReference; fileEncoding = 4; lastKnownFileType = sourcecode.c.objc; name = OAServiceTicket.m; path = Classes/OAuth/OAServiceTicket.m; sourceTree = "<group>"; };
		00C3BD0F104B96B000F0607E /* OASignatureProviding.h */ = {isa = PBXFileReference; fileEncoding = 4; lastKnownFileType = sourcecode.c.h; name = OASignatureProviding.h; path = Classes/OAuth/OASignatureProviding.h; sourceTree = "<group>"; };
		00C3BD10104B96B000F0607E /* OAToken.h */ = {isa = PBXFileReference; fileEncoding = 4; lastKnownFileType = sourcecode.c.h; name = OAToken.h; path = Classes/OAuth/OAToken.h; sourceTree = "<group>"; };
		00C3BD11104B96B000F0607E /* OAToken.m */ = {isa = PBXFileReference; fileEncoding = 4; lastKnownFileType = sourcecode.c.objc; name = OAToken.m; path = Classes/OAuth/OAToken.m; sourceTree = "<group>"; };
		00C3BD12104B96B000F0607E /* OAuthConsumer.h */ = {isa = PBXFileReference; fileEncoding = 4; lastKnownFileType = sourcecode.c.h; name = OAuthConsumer.h; path = Classes/OAuth/OAuthConsumer.h; sourceTree = "<group>"; };
		00C3BD13104B96B000F0607E /* sha1.c */ = {isa = PBXFileReference; fileEncoding = 4; lastKnownFileType = sourcecode.c.c; name = sha1.c; path = Classes/OAuth/sha1.c; sourceTree = "<group>"; };
		00C3BD14104B96B000F0607E /* sha1.h */ = {isa = PBXFileReference; fileEncoding = 4; lastKnownFileType = sourcecode.c.h; name = sha1.h; path = Classes/OAuth/sha1.h; sourceTree = "<group>"; };
		00C3BD23104B96C700F0607E /* OAuthGateway.m */ = {isa = PBXFileReference; fileEncoding = 4; lastKnownFileType = sourcecode.c.objc; name = OAuthGateway.m; path = Classes/OAuthGateway.m; sourceTree = "<group>"; };
		00C3BD25104B96E900F0607E /* OAuthCustom.h */ = {isa = PBXFileReference; fileEncoding = 4; lastKnownFileType = sourcecode.c.h; name = OAuthCustom.h; path = Classes/OAuthCustom.h; sourceTree = "<group>"; };
		00FE7D4F104B901800A84516 /* OrangeCat.h */ = {isa = PBXFileReference; fileEncoding = 4; lastKnownFileType = sourcecode.c.h; path = OrangeCat.h; sourceTree = "<group>"; };
		00FE7D50104B901800A84516 /* OrangeCat.m */ = {isa = PBXFileReference; fileEncoding = 4; lastKnownFileType = sourcecode.c.objc; path = OrangeCat.m; sourceTree = "<group>"; };
		089C165DFE840E0CC02AAC07 /* English */ = {isa = PBXFileReference; fileEncoding = 10; lastKnownFileType = text.plist.strings; name = English; path = English.lproj/InfoPlist.strings; sourceTree = "<group>"; };
		1058C7A1FEA54F0111CA2CBB /* Cocoa.framework */ = {isa = PBXFileReference; lastKnownFileType = wrapper.framework; name = Cocoa.framework; path = /System/Library/Frameworks/Cocoa.framework; sourceTree = "<absolute>"; };
		13E42FB307B3F0F600E4EEF1 /* CoreData.framework */ = {isa = PBXFileReference; lastKnownFileType = wrapper.framework; name = CoreData.framework; path = /System/Library/Frameworks/CoreData.framework; sourceTree = "<absolute>"; };
		1DDD58150DA1D0A300B32029 /* English */ = {isa = PBXFileReference; lastKnownFileType = file.xib; name = English; path = English.lproj/MainMenu.xib; sourceTree = "<group>"; };
		29B97316FDCFA39411CA2CEA /* main.m */ = {isa = PBXFileReference; fileEncoding = 4; lastKnownFileType = sourcecode.c.objc; path = main.m; sourceTree = "<group>"; };
		29B97324FDCFA39411CA2CEA /* AppKit.framework */ = {isa = PBXFileReference; lastKnownFileType = wrapper.framework; name = AppKit.framework; path = /System/Library/Frameworks/AppKit.framework; sourceTree = "<absolute>"; };
		29B97325FDCFA39411CA2CEA /* Foundation.framework */ = {isa = PBXFileReference; lastKnownFileType = wrapper.framework; name = Foundation.framework; path = /System/Library/Frameworks/Foundation.framework; sourceTree = "<absolute>"; };
		32CA4F630368D1EE00C91783 /* OrangeCat_Prefix.pch */ = {isa = PBXFileReference; fileEncoding = 4; lastKnownFileType = sourcecode.c.h; path = OrangeCat_Prefix.pch; sourceTree = "<group>"; };
		8D1107310486CEB800E47090 /* Info.plist */ = {isa = PBXFileReference; fileEncoding = 4; lastKnownFileType = text.plist.xml; path = Info.plist; sourceTree = "<group>"; };
		8D1107320486CEB800E47090 /* OrangeCat.app */ = {isa = PBXFileReference; explicitFileType = wrapper.application; includeInIndex = 0; path = OrangeCat.app; sourceTree = BUILT_PRODUCTS_DIR; };
/* End PBXFileReference section */

/* Begin PBXFrameworksBuildPhase section */
		8D11072E0486CEB800E47090 /* Frameworks */ = {
			isa = PBXFrameworksBuildPhase;
			buildActionMask = 2147483647;
			files = (
				8D11072F0486CEB800E47090 /* Cocoa.framework in Frameworks */,
			);
			runOnlyForDeploymentPostprocessing = 0;
		};
/* End PBXFrameworksBuildPhase section */

/* Begin PBXGroup section */
		00C3BCB3104B926B00F0607E /* Util */ = {
			isa = PBXGroup;
			children = (
				00C3BCB4104B927800F0607E /* LocalStorage.h */,
				00C3BCB5104B927800F0607E /* LocalStorage.m */,
			);
			name = Util;
			sourceTree = "<group>";
		};
		00C3BCC2104B93C400F0607E /* JSON */ = {
			isa = PBXGroup;
			children = (
				00C3BCC3104B93CF00F0607E /* JSON.h */,
				00C3BCC4104B93CF00F0607E /* NSObject+SBJSON.h */,
				00C3BCC5104B93CF00F0607E /* NSObject+SBJSON.m */,
				00C3BCC6104B93CF00F0607E /* NSString+SBJSON.h */,
				00C3BCC7104B93CF00F0607E /* NSString+SBJSON.m */,
				00C3BCC8104B93CF00F0607E /* SBJSON.h */,
				00C3BCC9104B93CF00F0607E /* SBJSON.m */,
			);
			name = JSON;
			sourceTree = "<group>";
		};
		00C3BCF5104B969300F0607E /* Networking */ = {
			isa = PBXGroup;
			children = (
				00C3BD25104B96E900F0607E /* OAuthCustom.h */,
				00C3BD23104B96C700F0607E /* OAuthGateway.m */,
				00C3BCF6104B969900F0607E /* OAuth */,
			);
			name = Networking;
			sourceTree = "<group>";
		};
		00C3BCF6104B969900F0607E /* OAuth */ = {
			isa = PBXGroup;
			children = (
				00C3BCF7104B96B000F0607E /* Base64Transcoder.c */,
				00C3BCF8104B96B000F0607E /* Base64Transcoder.h */,
				00C3BCF9104B96B000F0607E /* hmac.c */,
				00C3BCFA104B96B000F0607E /* hmac.h */,
				00C3BCFB104B96B000F0607E /* NSMutableURLRequest+Parameters.h */,
				00C3BCFC104B96B000F0607E /* NSMutableURLRequest+Parameters.m */,
				00C3BCFD104B96B000F0607E /* NSString+URLEncoding.h */,
				00C3BCFE104B96B000F0607E /* NSString+URLEncoding.m */,
				00C3BCFF104B96B000F0607E /* NSURL+Base.h */,
				00C3BD00104B96B000F0607E /* NSURL+Base.m */,
				00C3BD01104B96B000F0607E /* OAConsumer.h */,
				00C3BD02104B96B000F0607E /* OAConsumer.m */,
				00C3BD03104B96B000F0607E /* OADataFetcher.h */,
				00C3BD04104B96B000F0607E /* OADataFetcher.m */,
				00C3BD05104B96B000F0607E /* OAHMAC_SHA1SignatureProvider.h */,
				00C3BD06104B96B000F0607E /* OAHMAC_SHA1SignatureProvider.m */,
				00C3BD07104B96B000F0607E /* OAMutableURLRequest.h */,
				00C3BD08104B96B000F0607E /* OAMutableURLRequest.m */,
				00C3BD09104B96B000F0607E /* OAPlaintextSignatureProvider.h */,
				00C3BD0A104B96B000F0607E /* OAPlaintextSignatureProvider.m */,
				00C3BD0B104B96B000F0607E /* OARequestParameter.h */,
				00C3BD0C104B96B000F0607E /* OARequestParameter.m */,
				00C3BD0D104B96B000F0607E /* OAServiceTicket.h */,
				00C3BD0E104B96B000F0607E /* OAServiceTicket.m */,
				00C3BD0F104B96B000F0607E /* OASignatureProviding.h */,
				00C3BD10104B96B000F0607E /* OAToken.h */,
				00C3BD11104B96B000F0607E /* OAToken.m */,
				00C3BD12104B96B000F0607E /* OAuthConsumer.h */,
				00C3BD13104B96B000F0607E /* sha1.c */,
				00C3BD14104B96B000F0607E /* sha1.h */,
			);
			name = OAuth;
			sourceTree = "<group>";
		};
		080E96DDFE201D6D7F000001 /* Classes */ = {
			isa = PBXGroup;
			children = (
				00C3BCF5104B969300F0607E /* Networking */,
				00C3BCC2104B93C400F0607E /* JSON */,
				00C3BCB3104B926B00F0607E /* Util */,
				00FE7D4F104B901800A84516 /* OrangeCat.h */,
				00FE7D50104B901800A84516 /* OrangeCat.m */,
			);
			name = Classes;
			sourceTree = "<group>";
		};
		1058C7A0FEA54F0111CA2CBB /* Linked Frameworks */ = {
			isa = PBXGroup;
			children = (
				1058C7A1FEA54F0111CA2CBB /* Cocoa.framework */,
			);
			name = "Linked Frameworks";
			sourceTree = "<group>";
		};
		1058C7A2FEA54F0111CA2CBB /* Other Frameworks */ = {
			isa = PBXGroup;
			children = (
				29B97324FDCFA39411CA2CEA /* AppKit.framework */,
				13E42FB307B3F0F600E4EEF1 /* CoreData.framework */,
				29B97325FDCFA39411CA2CEA /* Foundation.framework */,
			);
			name = "Other Frameworks";
			sourceTree = "<group>";
		};
		19C28FACFE9D520D11CA2CBB /* Products */ = {
			isa = PBXGroup;
			children = (
				8D1107320486CEB800E47090 /* OrangeCat.app */,
			);
			name = Products;
			sourceTree = "<group>";
		};
		29B97314FDCFA39411CA2CEA /* OrangeCat */ = {
			isa = PBXGroup;
			children = (
				080E96DDFE201D6D7F000001 /* Classes */,
				29B97315FDCFA39411CA2CEA /* Other Sources */,
				29B97317FDCFA39411CA2CEA /* Resources */,
				29B97323FDCFA39411CA2CEA /* Frameworks */,
				19C28FACFE9D520D11CA2CBB /* Products */,
			);
			name = OrangeCat;
			sourceTree = "<group>";
		};
		29B97315FDCFA39411CA2CEA /* Other Sources */ = {
			isa = PBXGroup;
			children = (
				32CA4F630368D1EE00C91783 /* OrangeCat_Prefix.pch */,
				29B97316FDCFA39411CA2CEA /* main.m */,
			);
			name = "Other Sources";
			sourceTree = "<group>";
		};
		29B97317FDCFA39411CA2CEA /* Resources */ = {
			isa = PBXGroup;
			children = (
				8D1107310486CEB800E47090 /* Info.plist */,
				089C165CFE840E0CC02AAC07 /* InfoPlist.strings */,
				1DDD58140DA1D0A300B32029 /* MainMenu.xib */,
			);
			name = Resources;
			sourceTree = "<group>";
		};
		29B97323FDCFA39411CA2CEA /* Frameworks */ = {
			isa = PBXGroup;
			children = (
				1058C7A0FEA54F0111CA2CBB /* Linked Frameworks */,
				1058C7A2FEA54F0111CA2CBB /* Other Frameworks */,
			);
			name = Frameworks;
			sourceTree = "<group>";
		};
/* End PBXGroup section */

/* Begin PBXNativeTarget section */
		8D1107260486CEB800E47090 /* OrangeCat */ = {
			isa = PBXNativeTarget;
			buildConfigurationList = C01FCF4A08A954540054247B /* Build configuration list for PBXNativeTarget "OrangeCat" */;
			buildPhases = (
				8D1107290486CEB800E47090 /* Resources */,
				8D11072C0486CEB800E47090 /* Sources */,
				8D11072E0486CEB800E47090 /* Frameworks */,
			);
			buildRules = (
			);
			dependencies = (
			);
			name = OrangeCat;
			productInstallPath = "$(HOME)/Applications";
			productName = OrangeCat;
			productReference = 8D1107320486CEB800E47090 /* OrangeCat.app */;
			productType = "com.apple.product-type.application";
		};
/* End PBXNativeTarget section */

/* Begin PBXProject section */
		29B97313FDCFA39411CA2CEA /* Project object */ = {
			isa = PBXProject;
			buildConfigurationList = C01FCF4E08A954540054247B /* Build configuration list for PBXProject "OrangeCat" */;
			compatibilityVersion = "Xcode 3.1";
			hasScannedForEncodings = 1;
			mainGroup = 29B97314FDCFA39411CA2CEA /* OrangeCat */;
			projectDirPath = "";
			projectRoot = "";
			targets = (
				8D1107260486CEB800E47090 /* OrangeCat */,
			);
		};
/* End PBXProject section */

/* Begin PBXResourcesBuildPhase section */
		8D1107290486CEB800E47090 /* Resources */ = {
			isa = PBXResourcesBuildPhase;
			buildActionMask = 2147483647;
			files = (
				8D11072B0486CEB800E47090 /* InfoPlist.strings in Resources */,
				1DDD58160DA1D0A300B32029 /* MainMenu.xib in Resources */,
			);
			runOnlyForDeploymentPostprocessing = 0;
		};
/* End PBXResourcesBuildPhase section */

/* Begin PBXSourcesBuildPhase section */
		8D11072C0486CEB800E47090 /* Sources */ = {
			isa = PBXSourcesBuildPhase;
			buildActionMask = 2147483647;
			files = (
				8D11072D0486CEB800E47090 /* main.m in Sources */,
				00FE7D51104B901800A84516 /* OrangeCat.m in Sources */,
				00C3BCB6104B927800F0607E /* LocalStorage.m in Sources */,
				00C3BCCA104B93CF00F0607E /* NSObject+SBJSON.m in Sources */,
				00C3BCCB104B93CF00F0607E /* NSString+SBJSON.m in Sources */,
				00C3BCCC104B93CF00F0607E /* SBJSON.m in Sources */,
				00C3BD15104B96B000F0607E /* Base64Transcoder.c in Sources */,
				00C3BD16104B96B000F0607E /* hmac.c in Sources */,
				00C3BD17104B96B000F0607E /* NSMutableURLRequest+Parameters.m in Sources */,
				00C3BD18104B96B000F0607E /* NSString+URLEncoding.m in Sources */,
				00C3BD19104B96B000F0607E /* NSURL+Base.m in Sources */,
				00C3BD1A104B96B000F0607E /* OAConsumer.m in Sources */,
				00C3BD1B104B96B000F0607E /* OADataFetcher.m in Sources */,
				00C3BD1C104B96B000F0607E /* OAHMAC_SHA1SignatureProvider.m in Sources */,
				00C3BD1D104B96B000F0607E /* OAMutableURLRequest.m in Sources */,
				00C3BD1E104B96B000F0607E /* OAPlaintextSignatureProvider.m in Sources */,
				00C3BD1F104B96B000F0607E /* OARequestParameter.m in Sources */,
				00C3BD20104B96B000F0607E /* OAServiceTicket.m in Sources */,
				00C3BD21104B96B000F0607E /* OAToken.m in Sources */,
				00C3BD22104B96B000F0607E /* sha1.c in Sources */,
				00C3BD24104B96C700F0607E /* OAuthGateway.m in Sources */,
			);
			runOnlyForDeploymentPostprocessing = 0;
		};
/* End PBXSourcesBuildPhase section */

/* Begin PBXVariantGroup section */
		089C165CFE840E0CC02AAC07 /* InfoPlist.strings */ = {
			isa = PBXVariantGroup;
			children = (
				089C165DFE840E0CC02AAC07 /* English */,
			);
			name = InfoPlist.strings;
			sourceTree = "<group>";
		};
		1DDD58140DA1D0A300B32029 /* MainMenu.xib */ = {
			isa = PBXVariantGroup;
			children = (
				1DDD58150DA1D0A300B32029 /* English */,
			);
			name = MainMenu.xib;
			sourceTree = "<group>";
		};
/* End PBXVariantGroup section */

/* Begin XCBuildConfiguration section */
		C01FCF4B08A954540054247B /* Debug */ = {
			isa = XCBuildConfiguration;
			buildSettings = {
				ALWAYS_SEARCH_USER_PATHS = NO;
				COPY_PHASE_STRIP = NO;
				GCC_DYNAMIC_NO_PIC = NO;
				GCC_ENABLE_FIX_AND_CONTINUE = YES;
				GCC_MODEL_TUNING = G5;
				GCC_OPTIMIZATION_LEVEL = 0;
				GCC_PRECOMPILE_PREFIX_HEADER = YES;
				GCC_PREFIX_HEADER = OrangeCat_Prefix.pch;
				INFOPLIST_FILE = Info.plist;
				INSTALL_PATH = "$(HOME)/Applications";
				PRODUCT_NAME = OrangeCat;
			};
			name = Debug;
		};
		C01FCF4C08A954540054247B /* Release */ = {
			isa = XCBuildConfiguration;
			buildSettings = {
				ALWAYS_SEARCH_USER_PATHS = NO;
				DEBUG_INFORMATION_FORMAT = "dwarf-with-dsym";
				GCC_MODEL_TUNING = G5;
				GCC_PRECOMPILE_PREFIX_HEADER = YES;
				GCC_PREFIX_HEADER = OrangeCat_Prefix.pch;
				INFOPLIST_FILE = Info.plist;
				INSTALL_PATH = "$(HOME)/Applications";
				PRODUCT_NAME = OrangeCat;
			};
			name = Release;
		};
		C01FCF4F08A954540054247B /* Debug */ = {
			isa = XCBuildConfiguration;
			buildSettings = {
				ARCHS = "$(ARCHS_STANDARD_32_BIT)";
				GCC_C_LANGUAGE_STANDARD = c99;
				GCC_OPTIMIZATION_LEVEL = 0;
				GCC_WARN_ABOUT_RETURN_TYPE = YES;
				GCC_WARN_UNUSED_VARIABLE = YES;
				ONLY_ACTIVE_ARCH = YES;
				PREBINDING = NO;
				SDKROOT = macosx10.5;
			};
			name = Debug;
		};
		C01FCF5008A954540054247B /* Release */ = {
			isa = XCBuildConfiguration;
			buildSettings = {
				ARCHS = "$(ARCHS_STANDARD_32_BIT)";
				GCC_C_LANGUAGE_STANDARD = c99;
				GCC_WARN_ABOUT_RETURN_TYPE = YES;
				GCC_WARN_UNUSED_VARIABLE = YES;
				PREBINDING = NO;
				SDKROOT = macosx10.5;
			};
			name = Release;
		};
/* End XCBuildConfiguration section */

/* Begin XCConfigurationList section */
		C01FCF4A08A954540054247B /* Build configuration list for PBXNativeTarget "OrangeCat" */ = {
			isa = XCConfigurationList;
			buildConfigurations = (
				C01FCF4B08A954540054247B /* Debug */,
				C01FCF4C08A954540054247B /* Release */,
			);
			defaultConfigurationIsVisible = 0;
			defaultConfigurationName = Release;
		};
		C01FCF4E08A954540054247B /* Build configuration list for PBXProject "OrangeCat" */ = {
			isa = XCConfigurationList;
			buildConfigurations = (
				C01FCF4F08A954540054247B /* Debug */,
				C01FCF5008A954540054247B /* Release */,
			);
			defaultConfigurationIsVisible = 0;
			defaultConfigurationName = Release;
		};
/* End XCConfigurationList section */
	};
	rootObject = 29B97313FDCFA39411CA2CEA /* Project object */;
}
